
Microsoft Visual Studio Solution File, Format Version 12.00
# Visual Studio Version 16
VisualStudioVersion = 16.0.29519.181
MinimumVisualStudioVersion = 10.0.40219.1
Project("{FAE04EC0-301F-11D3-BF4B-00C04F79EFBC}") = "Criteria_Validator", "Criteria_Validator\Criteria_Validator.csproj", "{C780D35F-CD6A-4BA7-9D27-E62D37162824}"
EndProject
Global
	GlobalSection(SolutionConfigurationPlatforms) = preSolution
		Debug|Any CPU = Debug|Any CPU
		Release|Any CPU = Release|Any CPU
	EndGlobalSection
	GlobalSection(ProjectConfigurationPlatforms) = postSolution
		{C780D35F-CD6A-4BA7-9D27-E62D37162824}.Debug|Any CPU.ActiveCfg = Debug|Any CPU
		{C780D35F-CD6A-4BA7-9D27-E62D37162824}.Debug|Any CPU.Build.0 = Debug|Any CPU
		{C780D35F-CD6A-4BA7-9D27-E62D37162824}.Release|Any CPU.ActiveCfg = Release|Any CPU
		{C780D35F-CD6A-4BA7-9D27-E62D37162824}.Release|Any CPU.Build.0 = Release|Any CPU
	EndGlobalSection
	GlobalSection(SolutionProperties) = preSolution
		HideSolutionNode = FALSE
	EndGlobalSection
	GlobalSection(ExtensibilityGlobals) = postSolution
		SolutionGuid = {B4061574-4B55-4AF4-BCEE-E0FBBE693344}
	EndGlobalSection
EndGlobal
